// !$*UTF8*$!
{
	archiveVersion = 1;
	classes = {
	};
	objectVersion = 56;
	objects = {

/* Begin PBXBuildFile section */
		A12F0DFB29C0D39B007C76E1 /* AppDelegate.swift in Sources */ = {isa = PBXBuildFile; fileRef = A12F0DFA29C0D39B007C76E1 /* AppDelegate.swift */; };
		A12F0DFD29C0D39B007C76E1 /* SceneDelegate.swift in Sources */ = {isa = PBXBuildFile; fileRef = A12F0DFC29C0D39B007C76E1 /* SceneDelegate.swift */; };
		A12F0DFF29C0D39B007C76E1 /* ViewController.swift in Sources */ = {isa = PBXBuildFile; fileRef = A12F0DFE29C0D39B007C76E1 /* ViewController.swift */; };
		A12F0E0229C0D39B007C76E1 /* Main.storyboard in Resources */ = {isa = PBXBuildFile; fileRef = A12F0E0029C0D39B007C76E1 /* Main.storyboard */; };
		A12F0E0429C0D39C007C76E1 /* Assets.xcassets in Resources */ = {isa = PBXBuildFile; fileRef = A12F0E0329C0D39C007C76E1 /* Assets.xcassets */; };
		A12F0E0729C0D39C007C76E1 /* LaunchScreen.storyboard in Resources */ = {isa = PBXBuildFile; fileRef = A12F0E0529C0D39C007C76E1 /* LaunchScreen.storyboard */; };
		A12F0E1229C0D39C007C76E1 /* TableViewExampleTests.swift in Sources */ = {isa = PBXBuildFile; fileRef = A12F0E1129C0D39C007C76E1 /* TableViewExampleTests.swift */; };
		A12F0E1C29C0D39C007C76E1 /* TableViewExampleUITests.swift in Sources */ = {isa = PBXBuildFile; fileRef = A12F0E1B29C0D39C007C76E1 /* TableViewExampleUITests.swift */; };
		A12F0E1E29C0D39C007C76E1 /* TableViewExampleUITestsLaunchTests.swift in Sources */ = {isa = PBXBuildFile; fileRef = A12F0E1D29C0D39C007C76E1 /* TableViewExampleUITestsLaunchTests.swift */; };
		A12F0E2B29C0DC51007C76E1 /* MovieTableViewCell.swift in Sources */ = {isa = PBXBuildFile; fileRef = A12F0E2A29C0DC51007C76E1 /* MovieTableViewCell.swift */; };
		A12F0E2E29C20DB8007C76E1 /* ColorTableViewCell.swift in Sources */ = {isa = PBXBuildFile; fileRef = A12F0E2C29C20DB8007C76E1 /* ColorTableViewCell.swift */; };
		A12F0E2F29C20DB8007C76E1 /* ColorTableViewCell.xib in Resources */ = {isa = PBXBuildFile; fileRef = A12F0E2D29C20DB8007C76E1 /* ColorTableViewCell.xib */; };
/* End PBXBuildFile section */

/* Begin PBXContainerItemProxy section */
		A12F0E0E29C0D39C007C76E1 /* PBXContainerItemProxy */ = {
			isa = PBXContainerItemProxy;
			containerPortal = A12F0DEF29C0D39B007C76E1 /* Project object */;
			proxyType = 1;
			remoteGlobalIDString = A12F0DF629C0D39B007C76E1;
			remoteInfo = TableViewExample;
		};
		A12F0E1829C0D39C007C76E1 /* PBXContainerItemProxy */ = {
			isa = PBXContainerItemProxy;
			containerPortal = A12F0DEF29C0D39B007C76E1 /* Project object */;
			proxyType = 1;
			remoteGlobalIDString = A12F0DF629C0D39B007C76E1;
			remoteInfo = TableViewExample;
		};
/* End PBXContainerItemProxy section */

/* Begin PBXFileReference section */
		A12F0DF729C0D39B007C76E1 /* TableViewExample.app */ = {isa = PBXFileReference; explicitFileType = wrapper.application; includeInIndex = 0; path = TableViewExample.app; sourceTree = BUILT_PRODUCTS_DIR; };
		A12F0DFA29C0D39B007C76E1 /* AppDelegate.swift */ = {isa = PBXFileReference; lastKnownFileType = sourcecode.swift; path = AppDelegate.swift; sourceTree = "<group>"; };
		A12F0DFC29C0D39B007C76E1 /* SceneDelegate.swift */ = {isa = PBXFileReference; lastKnownFileType = sourcecode.swift; path = SceneDelegate.swift; sourceTree = "<group>"; };
		A12F0DFE29C0D39B007C76E1 /* ViewController.swift */ = {isa = PBXFileReference; lastKnownFileType = sourcecode.swift; path = ViewController.swift; sourceTree = "<group>"; };
		A12F0E0129C0D39B007C76E1 /* Base */ = {isa = PBXFileReference; lastKnownFileType = file.storyboard; name = Base; path = Base.lproj/Main.storyboard; sourceTree = "<group>"; };
		A12F0E0329C0D39C007C76E1 /* Assets.xcassets */ = {isa = PBXFileReference; lastKnownFileType = folder.assetcatalog; path = Assets.xcassets; sourceTree = "<group>"; };
		A12F0E0629C0D39C007C76E1 /* Base */ = {isa = PBXFileReference; lastKnownFileType = file.storyboard; name = Base; path = Base.lproj/LaunchScreen.storyboard; sourceTree = "<group>"; };
		A12F0E0829C0D39C007C76E1 /* Info.plist */ = {isa = PBXFileReference; lastKnownFileType = text.plist.xml; path = Info.plist; sourceTree = "<group>"; };
		A12F0E0D29C0D39C007C76E1 /* TableViewExampleTests.xctest */ = {isa = PBXFileReference; explicitFileType = wrapper.cfbundle; includeInIndex = 0; path = TableViewExampleTests.xctest; sourceTree = BUILT_PRODUCTS_DIR; };
		A12F0E1129C0D39C007C76E1 /* TableViewExampleTests.swift */ = {isa = PBXFileReference; lastKnownFileType = sourcecode.swift; path = TableViewExampleTests.swift; sourceTree = "<group>"; };
		A12F0E1729C0D39C007C76E1 /* TableViewExampleUITests.xctest */ = {isa = PBXFileReference; explicitFileType = wrapper.cfbundle; includeInIndex = 0; path = TableViewExampleUITests.xctest; sourceTree = BUILT_PRODUCTS_DIR; };
		A12F0E1B29C0D39C007C76E1 /* TableViewExampleUITests.swift */ = {isa = PBXFileReference; lastKnownFileType = sourcecode.swift; path = TableViewExampleUITests.swift; sourceTree = "<group>"; };
		A12F0E1D29C0D39C007C76E1 /* TableViewExampleUITestsLaunchTests.swift */ = {isa = PBXFileReference; lastKnownFileType = sourcecode.swift; path = TableViewExampleUITestsLaunchTests.swift; sourceTree = "<group>"; };
		A12F0E2A29C0DC51007C76E1 /* MovieTableViewCell.swift */ = {isa = PBXFileReference; lastKnownFileType = sourcecode.swift; path = MovieTableViewCell.swift; sourceTree = "<group>"; };
		A12F0E2C29C20DB8007C76E1 /* ColorTableViewCell.swift */ = {isa = PBXFileReference; lastKnownFileType = sourcecode.swift; path = ColorTableViewCell.swift; sourceTree = "<group>"; };
		A12F0E2D29C20DB8007C76E1 /* ColorTableViewCell.xib */ = {isa = PBXFileReference; lastKnownFileType = file.xib; path = ColorTableViewCell.xib; sourceTree = "<group>"; };
/* End PBXFileReference section */

/* Begin PBXFrameworksBuildPhase section */
		A12F0DF429C0D39B007C76E1 /* Frameworks */ = {
			isa = PBXFrameworksBuildPhase;
			buildActionMask = 2147483647;
			files = (
			);
			runOnlyForDeploymentPostprocessing = 0;
		};
		A12F0E0A29C0D39C007C76E1 /* Frameworks */ = {
			isa = PBXFrameworksBuildPhase;
			buildActionMask = 2147483647;
			files = (
			);
			runOnlyForDeploymentPostprocessing = 0;
		};
		A12F0E1429C0D39C007C76E1 /* Frameworks */ = {
			isa = PBXFrameworksBuildPhase;
			buildActionMask = 2147483647;
			files = (
			);
			runOnlyForDeploymentPostprocessing = 0;
		};
/* End PBXFrameworksBuildPhase section */

/* Begin PBXGroup section */
		A12F0DEE29C0D39B007C76E1 = {
			isa = PBXGroup;
			children = (
				A12F0DF929C0D39B007C76E1 /* TableViewExample */,
				A12F0E1029C0D39C007C76E1 /* TableViewExampleTests */,
				A12F0E1A29C0D39C007C76E1 /* TableViewExampleUITests */,
				A12F0DF829C0D39B007C76E1 /* Products */,
			);
			sourceTree = "<group>";
		};
		A12F0DF829C0D39B007C76E1 /* Products */ = {
			isa = PBXGroup;
			children = (
				A12F0DF729C0D39B007C76E1 /* TableViewExample.app */,
				A12F0E0D29C0D39C007C76E1 /* TableViewExampleTests.xctest */,
				A12F0E1729C0D39C007C76E1 /* TableViewExampleUITests.xctest */,
			);
			name = Products;
			sourceTree = "<group>";
		};
		A12F0DF929C0D39B007C76E1 /* TableViewExample */ = {
			isa = PBXGroup;
			children = (
				A12F0DFA29C0D39B007C76E1 /* AppDelegate.swift */,
				A12F0DFC29C0D39B007C76E1 /* SceneDelegate.swift */,
				A12F0DFE29C0D39B007C76E1 /* ViewController.swift */,
				A12F0E0029C0D39B007C76E1 /* Main.storyboard */,
				A12F0E2A29C0DC51007C76E1 /* MovieTableViewCell.swift */,
				A12F0E2C29C20DB8007C76E1 /* ColorTableViewCell.swift */,
				A12F0E2D29C20DB8007C76E1 /* ColorTableViewCell.xib */,
				A12F0E0329C0D39C007C76E1 /* Assets.xcassets */,
				A12F0E0529C0D39C007C76E1 /* LaunchScreen.storyboard */,
				A12F0E0829C0D39C007C76E1 /* Info.plist */,
			);
			path = TableViewExample;
			sourceTree = "<group>";
		};
		A12F0E1029C0D39C007C76E1 /* TableViewExampleTests */ = {
			isa = PBXGroup;
			children = (
				A12F0E1129C0D39C007C76E1 /* TableViewExampleTests.swift */,
			);
			path = TableViewExampleTests;
			sourceTree = "<group>";
		};
		A12F0E1A29C0D39C007C76E1 /* TableViewExampleUITests */ = {
			isa = PBXGroup;
			children = (
				A12F0E1B29C0D39C007C76E1 /* TableViewExampleUITests.swift */,
				A12F0E1D29C0D39C007C76E1 /* TableViewExampleUITestsLaunchTests.swift */,
			);
			path = TableViewExampleUITests;
			sourceTree = "<group>";
		};
/* End PBXGroup section */

/* Begin PBXNativeTarget section */
		A12F0DF629C0D39B007C76E1 /* TableViewExample */ = {
			isa = PBXNativeTarget;
			buildConfigurationList = A12F0E2129C0D39C007C76E1 /* Build configuration list for PBXNativeTarget "TableViewExample" */;
			buildPhases = (
				A12F0DF329C0D39B007C76E1 /* Sources */,
				A12F0DF429C0D39B007C76E1 /* Frameworks */,
				A12F0DF529C0D39B007C76E1 /* Resources */,
			);
			buildRules = (
			);
			dependencies = (
			);
			name = TableViewExample;
			productName = TableViewExample;
			productReference = A12F0DF729C0D39B007C76E1 /* TableViewExample.app */;
			productType = "com.apple.product-type.application";
		};
		A12F0E0C29C0D39C007C76E1 /* TableViewExampleTests */ = {
			isa = PBXNativeTarget;
			buildConfigurationList = A12F0E2429C0D39C007C76E1 /* Build configuration list for PBXNativeTarget "TableViewExampleTests" */;
			buildPhases = (
				A12F0E0929C0D39C007C76E1 /* Sources */,
				A12F0E0A29C0D39C007C76E1 /* Frameworks */,
				A12F0E0B29C0D39C007C76E1 /* Resources */,
			);
			buildRules = (
			);
			dependencies = (
				A12F0E0F29C0D39C007C76E1 /* PBXTargetDependency */,
			);
			name = TableViewExampleTests;
			productName = TableViewExampleTests;
			productReference = A12F0E0D29C0D39C007C76E1 /* TableViewExampleTests.xctest */;
			productType = "com.apple.product-type.bundle.unit-test";
		};
		A12F0E1629C0D39C007C76E1 /* TableViewExampleUITests */ = {
			isa = PBXNativeTarget;
			buildConfigurationList = A12F0E2729C0D39C007C76E1 /* Build configuration list for PBXNativeTarget "TableViewExampleUITests" */;
			buildPhases = (
				A12F0E1329C0D39C007C76E1 /* Sources */,
				A12F0E1429C0D39C007C76E1 /* Frameworks */,
				A12F0E1529C0D39C007C76E1 /* Resources */,
			);
			buildRules = (
			);
			dependencies = (
				A12F0E1929C0D39C007C76E1 /* PBXTargetDependency */,
			);
			name = TableViewExampleUITests;
			productName = TableViewExampleUITests;
			productReference = A12F0E1729C0D39C007C76E1 /* TableViewExampleUITests.xctest */;
			productType = "com.apple.product-type.bundle.ui-testing";
		};
/* End PBXNativeTarget section */

/* Begin PBXProject section */
		A12F0DEF29C0D39B007C76E1 /* Project object */ = {
			isa = PBXProject;
			attributes = {
				BuildIndependentTargetsInParallel = 1;
				LastSwiftUpdateCheck = 1420;
				LastUpgradeCheck = 1420;
				TargetAttributes = {
					A12F0DF629C0D39B007C76E1 = {
						CreatedOnToolsVersion = 14.2;
					};
					A12F0E0C29C0D39C007C76E1 = {
						CreatedOnToolsVersion = 14.2;
						TestTargetID = A12F0DF629C0D39B007C76E1;
					};
					A12F0E1629C0D39C007C76E1 = {
						CreatedOnToolsVersion = 14.2;
						TestTargetID = A12F0DF629C0D39B007C76E1;
					};
				};
			};
			buildConfigurationList = A12F0DF229C0D39B007C76E1 /* Build configuration list for PBXProject "TableViewExample" */;
			compatibilityVersion = "Xcode 14.0";
			developmentRegion = en;
			hasScannedForEncodings = 0;
			knownRegions = (
				en,
				Base,
			);
			mainGroup = A12F0DEE29C0D39B007C76E1;
			productRefGroup = A12F0DF829C0D39B007C76E1 /* Products */;
			projectDirPath = "";
			projectRoot = "";
			targets = (
				A12F0DF629C0D39B007C76E1 /* TableViewExample */,
				A12F0E0C29C0D39C007C76E1 /* TableViewExampleTests */,
				A12F0E1629C0D39C007C76E1 /* TableViewExampleUITests */,
			);
		};
/* End PBXProject section */

/* Begin PBXResourcesBuildPhase section */
		A12F0DF529C0D39B007C76E1 /* Resources */ = {
			isa = PBXResourcesBuildPhase;
			buildActionMask = 2147483647;
			files = (
				A12F0E0729C0D39C007C76E1 /* LaunchScreen.storyboard in Resources */,
				A12F0E2F29C20DB8007C76E1 /* ColorTableViewCell.xib in Resources */,
				A12F0E0429C0D39C007C76E1 /* Assets.xcassets in Resources */,
				A12F0E0229C0D39B007C76E1 /* Main.storyboard in Resources */,
			);
			runOnlyForDeploymentPostprocessing = 0;
		};
		A12F0E0B29C0D39C007C76E1 /* Resources */ = {
			isa = PBXResourcesBuildPhase;
			buildActionMask = 2147483647;
			files = (
			);
			runOnlyForDeploymentPostprocessing = 0;
		};
		A12F0E1529C0D39C007C76E1 /* Resources */ = {
			isa = PBXResourcesBuildPhase;
			buildActionMask = 2147483647;
			files = (
			);
			runOnlyForDeploymentPostprocessing = 0;
		};
/* End PBXResourcesBuildPhase section */

/* Begin PBXSourcesBuildPhase section */
		A12F0DF329C0D39B007C76E1 /* Sources */ = {
			isa = PBXSourcesBuildPhase;
			buildActionMask = 2147483647;
			files = (
				A12F0E2E29C20DB8007C76E1 /* ColorTableViewCell.swift in Sources */,
				A12F0DFF29C0D39B007C76E1 /* ViewController.swift in Sources */,
				A12F0DFB29C0D39B007C76E1 /* AppDelegate.swift in Sources */,
				A12F0E2B29C0DC51007C76E1 /* MovieTableViewCell.swift in Sources */,
				A12F0DFD29C0D39B007C76E1 /* SceneDelegate.swift in Sources */,
			);
			runOnlyForDeploymentPostprocessing = 0;
		};
		A12F0E0929C0D39C007C76E1 /* Sources */ = {
			isa = PBXSourcesBuildPhase;
			buildActionMask = 2147483647;
			files = (
				A12F0E1229C0D39C007C76E1 /* TableViewExampleTests.swift in Sources */,
			);
			runOnlyForDeploymentPostprocessing = 0;
		};
		A12F0E1329C0D39C007C76E1 /* Sources */ = {
			isa = PBXSourcesBuildPhase;
			buildActionMask = 2147483647;
			files = (
				A12F0E1C29C0D39C007C76E1 /* TableViewExampleUITests.swift in Sources */,
				A12F0E1E29C0D39C007C76E1 /* TableViewExampleUITestsLaunchTests.swift in Sources */,
			);
			runOnlyForDeploymentPostprocessing = 0;
		};
/* End PBXSourcesBuildPhase section */

/* Begin PBXTargetDependency section */
		A12F0E0F29C0D39C007C76E1 /* PBXTargetDependency */ = {
			isa = PBXTargetDependency;
			target = A12F0DF629C0D39B007C76E1 /* TableViewExample */;
			targetProxy = A12F0E0E29C0D39C007C76E1 /* PBXContainerItemProxy */;
		};
		A12F0E1929C0D39C007C76E1 /* PBXTargetDependency */ = {
			isa = PBXTargetDependency;
			target = A12F0DF629C0D39B007C76E1 /* TableViewExample */;
			targetProxy = A12F0E1829C0D39C007C76E1 /* PBXContainerItemProxy */;
		};
/* End PBXTargetDependency section */

/* Begin PBXVariantGroup section */
		A12F0E0029C0D39B007C76E1 /* Main.storyboard */ = {
			isa = PBXVariantGroup;
			children = (
				A12F0E0129C0D39B007C76E1 /* Base */,
			);
			name = Main.storyboard;
			sourceTree = "<group>";
		};
		A12F0E0529C0D39C007C76E1 /* LaunchScreen.storyboard */ = {
			isa = PBXVariantGroup;
			children = (
				A12F0E0629C0D39C007C76E1 /* Base */,
			);
			name = LaunchScreen.storyboard;
			sourceTree = "<group>";
		};
/* End PBXVariantGroup section */

/* Begin XCBuildConfiguration section */
		A12F0E1F29C0D39C007C76E1 /* Debug */ = {
			isa = XCBuildConfiguration;
			buildSettings = {
				ALWAYS_SEARCH_USER_PATHS = NO;
				CLANG_ANALYZER_NONNULL = YES;
				CLANG_ANALYZER_NUMBER_OBJECT_CONVERSION = YES_AGGRESSIVE;
				CLANG_CXX_LANGUAGE_STANDARD = "gnu++20";
				CLANG_ENABLE_MODULES = YES;
				CLANG_ENABLE_OBJC_ARC = YES;
				CLANG_ENABLE_OBJC_WEAK = YES;
				CLANG_WARN_BLOCK_CAPTURE_AUTORELEASING = YES;
				CLANG_WARN_BOOL_CONVERSION = YES;
				CLANG_WARN_COMMA = YES;
				CLANG_WARN_CONSTANT_CONVERSION = YES;
				CLANG_WARN_DEPRECATED_OBJC_IMPLEMENTATIONS = YES;
				CLANG_WARN_DIRECT_OBJC_ISA_USAGE = YES_ERROR;
				CLANG_WARN_DOCUMENTATION_COMMENTS = YES;
				CLANG_WARN_EMPTY_BODY = YES;
				CLANG_WARN_ENUM_CONVERSION = YES;
				CLANG_WARN_INFINITE_RECURSION = YES;
				CLANG_WARN_INT_CONVERSION = YES;
				CLANG_WARN_NON_LITERAL_NULL_CONVERSION = YES;
				CLANG_WARN_OBJC_IMPLICIT_RETAIN_SELF = YES;
				CLANG_WARN_OBJC_LITERAL_CONVERSION = YES;
				CLANG_WARN_OBJC_ROOT_CLASS = YES_ERROR;
				CLANG_WARN_QUOTED_INCLUDE_IN_FRAMEWORK_HEADER = YES;
				CLANG_WARN_RANGE_LOOP_ANALYSIS = YES;
				CLANG_WARN_STRICT_PROTOTYPES = YES;
				CLANG_WARN_SUSPICIOUS_MOVE = YES;
				CLANG_WARN_UNGUARDED_AVAILABILITY = YES_AGGRESSIVE;
				CLANG_WARN_UNREACHABLE_CODE = YES;
				CLANG_WARN__DUPLICATE_METHOD_MATCH = YES;
				COPY_PHASE_STRIP = NO;
				DEBUG_INFORMATION_FORMAT = dwarf;
				ENABLE_STRICT_OBJC_MSGSEND = YES;
				ENABLE_TESTABILITY = YES;
				GCC_C_LANGUAGE_STANDARD = gnu11;
				GCC_DYNAMIC_NO_PIC = NO;
				GCC_NO_COMMON_BLOCKS = YES;
				GCC_OPTIMIZATION_LEVEL = 0;
				GCC_PREPROCESSOR_DEFINITIONS = (
					"DEBUG=1",
					"$(inherited)",
				);
				GCC_WARN_64_TO_32_BIT_CONVERSION = YES;
				GCC_WARN_ABOUT_RETURN_TYPE = YES_ERROR;
				GCC_WARN_UNDECLARED_SELECTOR = YES;
				GCC_WARN_UNINITIALIZED_AUTOS = YES_AGGRESSIVE;
				GCC_WARN_UNUSED_FUNCTION = YES;
				GCC_WARN_UNUSED_VARIABLE = YES;
				IPHONEOS_DEPLOYMENT_TARGET = 16.2;
				MTL_ENABLE_DEBUG_INFO = INCLUDE_SOURCE;
				MTL_FAST_MATH = YES;
				ONLY_ACTIVE_ARCH = YES;
				SDKROOT = iphoneos;
				SWIFT_ACTIVE_COMPILATION_CONDITIONS = DEBUG;
				SWIFT_OPTIMIZATION_LEVEL = "-Onone";
			};
			name = Debug;
		};
		A12F0E2029C0D39C007C76E1 /* Release */ = {
			isa = XCBuildConfiguration;
			buildSettings = {
				ALWAYS_SEARCH_USER_PATHS = NO;
				CLANG_ANALYZER_NONNULL = YES;
				CLANG_ANALYZER_NUMBER_OBJECT_CONVERSION = YES_AGGRESSIVE;
				CLANG_CXX_LANGUAGE_STANDARD = "gnu++20";
				CLANG_ENABLE_MODULES = YES;
				CLANG_ENABLE_OBJC_ARC = YES;
				CLANG_ENABLE_OBJC_WEAK = YES;
				CLANG_WARN_BLOCK_CAPTURE_AUTORELEASING = YES;
				CLANG_WARN_BOOL_CONVERSION = YES;
				CLANG_WARN_COMMA = YES;
				CLANG_WARN_CONSTANT_CONVERSION = YES;
				CLANG_WARN_DEPRECATED_OBJC_IMPLEMENTATIONS = YES;
				CLANG_WARN_DIRECT_OBJC_ISA_USAGE = YES_ERROR;
				CLANG_WARN_DOCUMENTATION_COMMENTS = YES;
				CLANG_WARN_EMPTY_BODY = YES;
				CLANG_WARN_ENUM_CONVERSION = YES;
				CLANG_WARN_INFINITE_RECURSION = YES;
				CLANG_WARN_INT_CONVERSION = YES;
				CLANG_WARN_NON_LITERAL_NULL_CONVERSION = YES;
				CLANG_WARN_OBJC_IMPLICIT_RETAIN_SELF = YES;
				CLANG_WARN_OBJC_LITERAL_CONVERSION = YES;
				CLANG_WARN_OBJC_ROOT_CLASS = YES_ERROR;
				CLANG_WARN_QUOTED_INCLUDE_IN_FRAMEWORK_HEADER = YES;
				CLANG_WARN_RANGE_LOOP_ANALYSIS = YES;
				CLANG_WARN_STRICT_PROTOTYPES = YES;
				CLANG_WARN_SUSPICIOUS_MOVE = YES;
				CLANG_WARN_UNGUARDED_AVAILABILITY = YES_AGGRESSIVE;
				CLANG_WARN_UNREACHABLE_CODE = YES;
				CLANG_WARN__DUPLICATE_METHOD_MATCH = YES;
				COPY_PHASE_STRIP = NO;
				DEBUG_INFORMATION_FORMAT = "dwarf-with-dsym";
				ENABLE_NS_ASSERTIONS = NO;
				ENABLE_STRICT_OBJC_MSGSEND = YES;
				GCC_C_LANGUAGE_STANDARD = gnu11;
				GCC_NO_COMMON_BLOCKS = YES;
				GCC_WARN_64_TO_32_BIT_CONVERSION = YES;
				GCC_WARN_ABOUT_RETURN_TYPE = YES_ERROR;
				GCC_WARN_UNDECLARED_SELECTOR = YES;
				GCC_WARN_UNINITIALIZED_AUTOS = YES_AGGRESSIVE;
				GCC_WARN_UNUSED_FUNCTION = YES;
				GCC_WARN_UNUSED_VARIABLE = YES;
				IPHONEOS_DEPLOYMENT_TARGET = 16.2;
				MTL_ENABLE_DEBUG_INFO = NO;
				MTL_FAST_MATH = YES;
				SDKROOT = iphoneos;
				SWIFT_COMPILATION_MODE = wholemodule;
				SWIFT_OPTIMIZATION_LEVEL = "-O";
				VALIDATE_PRODUCT = YES;
			};
			name = Release;
		};
		A12F0E2229C0D39C007C76E1 /* Debug */ = {
			isa = XCBuildConfiguration;
			buildSettings = {
				ASSETCATALOG_COMPILER_APPICON_NAME = AppIcon;
				ASSETCATALOG_COMPILER_GLOBAL_ACCENT_COLOR_NAME = AccentColor;
				CODE_SIGN_STYLE = Automatic;
				CURRENT_PROJECT_VERSION = 1;
				GENERATE_INFOPLIST_FILE = YES;
				INFOPLIST_FILE = TableViewExample/Info.plist;
				INFOPLIST_KEY_UIApplicationSupportsIndirectInputEvents = YES;
				INFOPLIST_KEY_UILaunchStoryboardName = LaunchScreen;
				INFOPLIST_KEY_UIMainStoryboardFile = Main;
				INFOPLIST_KEY_UISupportedInterfaceOrientations_iPad = "UIInterfaceOrientationPortrait UIInterfaceOrientationPortraitUpsideDown UIInterfaceOrientationLandscapeLeft UIInterfaceOrientationLandscapeRight";
				INFOPLIST_KEY_UISupportedInterfaceOrientations_iPhone = "UIInterfaceOrientationPortrait UIInterfaceOrientationLandscapeLeft UIInterfaceOrientationLandscapeRight";
				LD_RUNPATH_SEARCH_PATHS = (
					"$(inherited)",
					"@executable_path/Frameworks",
				);
				MARKETING_VERSION = 1.0;
				PRODUCT_BUNDLE_IDENTIFIER = com.techcombank.delegateExample.TableViewExample;
				PRODUCT_NAME = "$(TARGET_NAME)";
				SWIFT_EMIT_LOC_STRINGS = YES;
				SWIFT_VERSION = 5.0;
				TARGETED_DEVICE_FAMILY = "1,2";
			};
			name = Debug;
		};
		A12F0E2329C0D39C007C76E1 /* Release */ = {
			isa = XCBuildConfiguration;
			buildSettings = {
				ASSETCATALOG_COMPILER_APPICON_NAME = AppIcon;
				ASSETCATALOG_COMPILER_GLOBAL_ACCENT_COLOR_NAME = AccentColor;
				CODE_SIGN_STYLE = Automatic;
				CURRENT_PROJECT_VERSION = 1;
				GENERATE_INFOPLIST_FILE = YES;
				INFOPLIST_FILE = TableViewExample/Info.plist;
				INFOPLIST_KEY_UIApplicationSupportsIndirectInputEvents = YES;
				INFOPLIST_KEY_UILaunchStoryboardName = LaunchScreen;
				INFOPLIST_KEY_UIMainStoryboardFile = Main;
				INFOPLIST_KEY_UISupportedInterfaceOrientations_iPad = "UIInterfaceOrientationPortrait UIInterfaceOrientationPortraitUpsideDown UIInterfaceOrientationLandscapeLeft UIInterfaceOrientationLandscapeRight";
				INFOPLIST_KEY_UISupportedInterfaceOrientations_iPhone = "UIInterfaceOrientationPortrait UIInterfaceOrientationLandscapeLeft UIInterfaceOrientationLandscapeRight";
				LD_RUNPATH_SEARCH_PATHS = (
					"$(inherited)",
					"@executable_path/Frameworks",
				);
				MARKETING_VERSION = 1.0;
				PRODUCT_BUNDLE_IDENTIFIER = com.techcombank.delegateExample.TableViewExample;
				PRODUCT_NAME = "$(TARGET_NAME)";
				SWIFT_EMIT_LOC_STRINGS = YES;
				SWIFT_VERSION = 5.0;
				TARGETED_DEVICE_FAMILY = "1,2";
			};
			name = Release;
		};
		A12F0E2529C0D39C007C76E1 /* Debug */ = {
			isa = XCBuildConfiguration;
			buildSettings = {
				ALWAYS_EMBED_SWIFT_STANDARD_LIBRARIES = YES;
				BUNDLE_LOADER = "$(TEST_HOST)";
				CODE_SIGN_STYLE = Automatic;
				CURRENT_PROJECT_VERSION = 1;
				GENERATE_INFOPLIST_FILE = YES;
				IPHONEOS_DEPLOYMENT_TARGET = 16.2;
				MARKETING_VERSION = 1.0;
				PRODUCT_BUNDLE_IDENTIFIER = com.techcombank.delegateExample.TableViewExampleTests;
				PRODUCT_NAME = "$(TARGET_NAME)";
				SWIFT_EMIT_LOC_STRINGS = NO;
				SWIFT_VERSION = 5.0;
				TARGETED_DEVICE_FAMILY = "1,2";
				TEST_HOST = "$(BUILT_PRODUCTS_DIR)/TableViewExample.app/$(BUNDLE_EXECUTABLE_FOLDER_PATH)/TableViewExample";
			};
			name = Debug;
		};
		A12F0E2629C0D39C007C76E1 /* Release */ = {
			isa = XCBuildConfiguration;
			buildSettings = {
				ALWAYS_EMBED_SWIFT_STANDARD_LIBRARIES = YES;
				BUNDLE_LOADER = "$(TEST_HOST)";
				CODE_SIGN_STYLE = Automatic;
				CURRENT_PROJECT_VERSION = 1;
				GENERATE_INFOPLIST_FILE = YES;
				IPHONEOS_DEPLOYMENT_TARGET = 16.2;
				MARKETING_VERSION = 1.0;
				PRODUCT_BUNDLE_IDENTIFIER = com.techcombank.delegateExample.TableViewExampleTests;
				PRODUCT_NAME = "$(TARGET_NAME)";
				SWIFT_EMIT_LOC_STRINGS = NO;
				SWIFT_VERSION = 5.0;
				TARGETED_DEVICE_FAMILY = "1,2";
				TEST_HOST = "$(BUILT_PRODUCTS_DIR)/TableViewExample.app/$(BUNDLE_EXECUTABLE_FOLDER_PATH)/TableViewExample";
			};
			name = Release;
		};
		A12F0E2829C0D39C007C76E1 /* Debug */ = {
			isa = XCBuildConfiguration;
			buildSettings = {
				ALWAYS_EMBED_SWIFT_STANDARD_LIBRARIES = YES;
				CODE_SIGN_STYLE = Automatic;
				CURRENT_PROJECT_VERSION = 1;
				GENERATE_INFOPLIST_FILE = YES;
				MARKETING_VERSION = 1.0;
				PRODUCT_BUNDLE_IDENTIFIER = com.techcombank.delegateExample.TableViewExampleUITests;
				PRODUCT_NAME = "$(TARGET_NAME)";
				SWIFT_EMIT_LOC_STRINGS = NO;
				SWIFT_VERSION = 5.0;
				TARGETED_DEVICE_FAMILY = "1,2";
				TEST_TARGET_NAME = TableViewExample;
			};
			name = Debug;
		};
		A12F0E2929C0D39C007C76E1 /* Release */ = {
			isa = XCBuildConfiguration;
			buildSettings = {
				ALWAYS_EMBED_SWIFT_STANDARD_LIBRARIES = YES;
				CODE_SIGN_STYLE = Automatic;
				CURRENT_PROJECT_VERSION = 1;
				GENERATE_INFOPLIST_FILE = YES;
				MARKETING_VERSION = 1.0;
				PRODUCT_BUNDLE_IDENTIFIER = com.techcombank.delegateExample.TableViewExampleUITests;
				PRODUCT_NAME = "$(TARGET_NAME)";
				SWIFT_EMIT_LOC_STRINGS = NO;
				SWIFT_VERSION = 5.0;
				TARGETED_DEVICE_FAMILY = "1,2";
				TEST_TARGET_NAME = TableViewExample;
			};
			name = Release;
		};
/* End XCBuildConfiguration section */

/* Begin XCConfigurationList section */
		A12F0DF229C0D39B007C76E1 /* Build configuration list for PBXProject "TableViewExample" */ = {
			isa = XCConfigurationList;
			buildConfigurations = (
				A12F0E1F29C0D39C007C76E1 /* Debug */,
				A12F0E2029C0D39C007C76E1 /* Release */,
			);
			defaultConfigurationIsVisible = 0;
			defaultConfigurationName = Release;
		};
		A12F0E2129C0D39C007C76E1 /* Build configuration list for PBXNativeTarget "TableViewExample" */ = {
			isa = XCConfigurationList;
			buildConfigurations = (
				A12F0E2229C0D39C007C76E1 /* Debug */,
				A12F0E2329C0D39C007C76E1 /* Release */,
			);
			defaultConfigurationIsVisible = 0;
			defaultConfigurationName = Release;
		};
		A12F0E2429C0D39C007C76E1 /* Build configuration list for PBXNativeTarget "TableViewExampleTests" */ = {
			isa = XCConfigurationList;
			buildConfigurations = (
				A12F0E2529C0D39C007C76E1 /* Debug */,
				A12F0E2629C0D39C007C76E1 /* Release */,
			);
			defaultConfigurationIsVisible = 0;
			defaultConfigurationName = Release;
		};
		A12F0E2729C0D39C007C76E1 /* Build configuration list for PBXNativeTarget "TableViewExampleUITests" */ = {
			isa = XCConfigurationList;
			buildConfigurations = (
				A12F0E2829C0D39C007C76E1 /* Debug */,
				A12F0E2929C0D39C007C76E1 /* Release */,
			);
			defaultConfigurationIsVisible = 0;
			defaultConfigurationName = Release;
		};
/* End XCConfigurationList section */
	};
	rootObject = A12F0DEF29C0D39B007C76E1 /* Project object */;
}
